
Microsoft Visual Studio Solution File, Format Version 12.00
# Visual Studio 15
VisualStudioVersion = 15.0.27428.2015
MinimumVisualStudioVersion = 10.0.40219.1
Project("{FAE04EC0-301F-11D3-BF4B-00C04F79EFBC}") = "DataGridHorizontal", "DataGridHorizontal\DataGridHorizontal.csproj", "{426F4A13-6061-4ADC-83D4-0789DF2CADC4}"
EndProject
Global
	GlobalSection(SolutionConfigurationPlatforms) = preSolution
		Debug|Any CPU = Debug|Any CPU
		Release|Any CPU = Release|Any CPU
	EndGlobalSection
	GlobalSection(ProjectConfigurationPlatforms) = postSolution
		{426F4A13-6061-4ADC-83D4-0789DF2CADC4}.Debug|Any CPU.ActiveCfg = Debug|Any CPU
		{426F4A13-6061-4ADC-83D4-0789DF2CADC4}.Debug|Any CPU.Build.0 = Debug|Any CPU
		{426F4A13-6061-4ADC-83D4-0789DF2CADC4}.Release|Any CPU.ActiveCfg = Release|Any CPU
		{426F4A13-6061-4ADC-83D4-0789DF2CADC4}.Release|Any CPU.Build.0 = Release|Any CPU
	EndGlobalSection
	GlobalSection(SolutionProperties) = preSolution
		HideSolutionNode = FALSE
	EndGlobalSection
	GlobalSection(ExtensibilityGlobals) = postSolution
		SolutionGuid = {C1307D87-E822-4822-A219-F3EAFD1D5B05}
	EndGlobalSection
EndGlobal
